
Microsoft Visual Studio Solution File, Format Version 11.00
# Visual Studio 2010
Project("{8BC9CEB8-8B4A-11D0-8D11-00A0C91BC942}") = "lib-nixtla-audio-win-demo-playwav", "lib-nixtla-audio-win-demo-playwav\lib-nixtla-audio-win-demo-playwav.vcxproj", "{31FF69FC-BDF9-4177-ACBA-C3AA0CE41A64}"
EndProject
Project("{8BC9CEB8-8B4A-11D0-8D11-00A0C91BC942}") = "lib-nixtla-audio-win-demo-captureeco", "lib-nixtla-audio-win-demo-captureeco\lib-nixtla-audio-win-demo-captureeco.vcxproj", "{949DC69B-FF67-4D2C-B69B-4779938538E1}"
EndProject
Global
	GlobalSection(SolutionConfigurationPlatforms) = preSolution
		Debug|Win32 = Debug|Win32
		Release|Win32 = Release|Win32
	EndGlobalSection
	GlobalSection(ProjectConfigurationPlatforms) = postSolution
		{31FF69FC-BDF9-4177-ACBA-C3AA0CE41A64}.Debug|Win32.ActiveCfg = Debug|Win32
		{31FF69FC-BDF9-4177-ACBA-C3AA0CE41A64}.Debug|Win32.Build.0 = Debug|Win32
		{31FF69FC-BDF9-4177-ACBA-C3AA0CE41A64}.Release|Win32.ActiveCfg = Release|Win32
		{31FF69FC-BDF9-4177-ACBA-C3AA0CE41A64}.Release|Win32.Build.0 = Release|Win32
		{949DC69B-FF67-4D2C-B69B-4779938538E1}.Debug|Win32.ActiveCfg = Debug|Win32
		{949DC69B-FF67-4D2C-B69B-4779938538E1}.Debug|Win32.Build.0 = Debug|Win32
		{949DC69B-FF67-4D2C-B69B-4779938538E1}.Release|Win32.ActiveCfg = Release|Win32
		{949DC69B-FF67-4D2C-B69B-4779938538E1}.Release|Win32.Build.0 = Release|Win32
	EndGlobalSection
	GlobalSection(SolutionProperties) = preSolution
		HideSolutionNode = FALSE
	EndGlobalSection
EndGlobal
